// !$*UTF8*$!
{
	archiveVersion = 1;
	classes = {
	};
	objectVersion = 46;
	objects = {

/* Begin PBXBuildFile section */
		0E3209261943AB0E007F90BE /* ToDoItem.swift in Sources */ = {isa = PBXBuildFile; fileRef = 0E3209251943AB0E007F90BE /* ToDoItem.swift */; };
		0E8495991942E1CC0058B3AD /* AppDelegate.swift in Sources */ = {isa = PBXBuildFile; fileRef = 0E8495981942E1CC0058B3AD /* AppDelegate.swift */; };
		0E84959B1942E1CC0058B3AD /* Images.xcassets in Resources */ = {isa = PBXBuildFile; fileRef = 0E84959A1942E1CC0058B3AD /* Images.xcassets */; };
		0E8495A71942E1CC0058B3AD /* ToDoListTests.swift in Sources */ = {isa = PBXBuildFile; fileRef = 0E8495A61942E1CC0058B3AD /* ToDoListTests.swift */; };
		0E8495B11942E3850058B3AD /* Main.storyboard in Resources */ = {isa = PBXBuildFile; fileRef = 0E8495B01942E3850058B3AD /* Main.storyboard */; };
		0E9981E21942F0E1009E0D90 /* ZZNAddToDoItemViewController.swift in Sources */ = {isa = PBXBuildFile; fileRef = 0E9981E11942F0E1009E0D90 /* ZZNAddToDoItemViewController.swift */; };
		0E9981E41943A609009E0D90 /* ZZNToDoListTableViewController.swift in Sources */ = {isa = PBXBuildFile; fileRef = 0E9981E31943A609009E0D90 /* ZZNToDoListTableViewController.swift */; };
/* End PBXBuildFile section */

/* Begin PBXContainerItemProxy section */
		0E8495A11942E1CC0058B3AD /* PBXContainerItemProxy */ = {
			isa = PBXContainerItemProxy;
			containerPortal = 0E84958B1942E1CC0058B3AD /* Project object */;
			proxyType = 1;
			remoteGlobalIDString = 0E8495921942E1CC0058B3AD;
			remoteInfo = ToDoList;
		};
		0E8495B21942E4AA0058B3AD /* PBXContainerItemProxy */ = {
			isa = PBXContainerItemProxy;
			containerPortal = 0E84958B1942E1CC0058B3AD /* Project object */;
			proxyType = 1;
			remoteGlobalIDString = 0E8495921942E1CC0058B3AD;
			remoteInfo = ToDoList;
		};
/* End PBXContainerItemProxy section */

/* Begin PBXFileReference section */
		0E3209241943A796007F90BE /* ZZNToDoListTableViewController.h */ = {isa = PBXFileReference; fileEncoding = 4; lastKnownFileType = sourcecode.c.h; path = ZZNToDoListTableViewController.h; sourceTree = "<group>"; };
		0E3209251943AB0E007F90BE /* ToDoItem.swift */ = {isa = PBXFileReference; fileEncoding = 4; lastKnownFileType = sourcecode.swift; name = ToDoItem.swift; path = ../ToDoItem.swift; sourceTree = "<group>"; };
		0E8495931942E1CC0058B3AD /* ToDoList.app */ = {isa = PBXFileReference; explicitFileType = wrapper.application; includeInIndex = 0; path = ToDoList.app; sourceTree = BUILT_PRODUCTS_DIR; };
		0E8495971942E1CC0058B3AD /* Info.plist */ = {isa = PBXFileReference; lastKnownFileType = text.plist.xml; path = Info.plist; sourceTree = "<group>"; };
		0E8495981942E1CC0058B3AD /* AppDelegate.swift */ = {isa = PBXFileReference; lastKnownFileType = sourcecode.swift; path = AppDelegate.swift; sourceTree = "<group>"; };
		0E84959A1942E1CC0058B3AD /* Images.xcassets */ = {isa = PBXFileReference; lastKnownFileType = folder.assetcatalog; path = Images.xcassets; sourceTree = "<group>"; };
		0E8495A01942E1CC0058B3AD /* ToDoListTests.xctest */ = {isa = PBXFileReference; explicitFileType = wrapper.cfbundle; includeInIndex = 0; path = ToDoListTests.xctest; sourceTree = BUILT_PRODUCTS_DIR; };
		0E8495A51942E1CC0058B3AD /* Info.plist */ = {isa = PBXFileReference; lastKnownFileType = text.plist.xml; path = Info.plist; sourceTree = "<group>"; };
		0E8495A61942E1CC0058B3AD /* ToDoListTests.swift */ = {isa = PBXFileReference; lastKnownFileType = sourcecode.swift; path = ToDoListTests.swift; sourceTree = "<group>"; };
		0E8495B01942E3850058B3AD /* Main.storyboard */ = {isa = PBXFileReference; fileEncoding = 4; lastKnownFileType = file.storyboard; name = Main.storyboard; path = ../Main.storyboard; sourceTree = "<group>"; };
		0E9981E11942F0E1009E0D90 /* ZZNAddToDoItemViewController.swift */ = {isa = PBXFileReference; fileEncoding = 4; lastKnownFileType = sourcecode.swift; path = ZZNAddToDoItemViewController.swift; sourceTree = "<group>"; };
		0E9981E31943A609009E0D90 /* ZZNToDoListTableViewController.swift */ = {isa = PBXFileReference; fileEncoding = 4; lastKnownFileType = sourcecode.swift; path = ZZNToDoListTableViewController.swift; sourceTree = "<group>"; };
/* End PBXFileReference section */

/* Begin PBXFrameworksBuildPhase section */
		0E8495901942E1CC0058B3AD /* Frameworks */ = {
			isa = PBXFrameworksBuildPhase;
			buildActionMask = 2147483647;
			files = (
			);
			runOnlyForDeploymentPostprocessing = 0;
		};
		0E84959D1942E1CC0058B3AD /* Frameworks */ = {
			isa = PBXFrameworksBuildPhase;
			buildActionMask = 2147483647;
			files = (
			);
			runOnlyForDeploymentPostprocessing = 0;
		};
/* End PBXFrameworksBuildPhase section */

/* Begin PBXGroup section */
		0E84958A1942E1CC0058B3AD = {
			isa = PBXGroup;
			children = (
				0E8495951942E1CC0058B3AD /* ToDoList */,
				0E8495A31942E1CC0058B3AD /* ToDoListTests */,
				0E8495941942E1CC0058B3AD /* Products */,
			);
			sourceTree = "<group>";
		};
		0E8495941942E1CC0058B3AD /* Products */ = {
			isa = PBXGroup;
			children = (
				0E8495931942E1CC0058B3AD /* ToDoList.app */,
				0E8495A01942E1CC0058B3AD /* ToDoListTests.xctest */,
			);
			name = Products;
			sourceTree = "<group>";
		};
		0E8495951942E1CC0058B3AD /* ToDoList */ = {
			isa = PBXGroup;
			children = (
				0E3209251943AB0E007F90BE /* ToDoItem.swift */,
				0E3209241943A796007F90BE /* ZZNToDoListTableViewController.h */,
				0E9981E11942F0E1009E0D90 /* ZZNAddToDoItemViewController.swift */,
				0E8495B01942E3850058B3AD /* Main.storyboard */,
				0E9981E31943A609009E0D90 /* ZZNToDoListTableViewController.swift */,
				0E8495981942E1CC0058B3AD /* AppDelegate.swift */,
				0E84959A1942E1CC0058B3AD /* Images.xcassets */,
				0E8495961942E1CC0058B3AD /* Supporting Files */,
			);
			path = ToDoList;
			sourceTree = "<group>";
		};
		0E8495961942E1CC0058B3AD /* Supporting Files */ = {
			isa = PBXGroup;
			children = (
				0E8495971942E1CC0058B3AD /* Info.plist */,
			);
			name = "Supporting Files";
			sourceTree = "<group>";
		};
		0E8495A31942E1CC0058B3AD /* ToDoListTests */ = {
			isa = PBXGroup;
			children = (
				0E8495A61942E1CC0058B3AD /* ToDoListTests.swift */,
				0E8495A41942E1CC0058B3AD /* Supporting Files */,
			);
			path = ToDoListTests;
			sourceTree = "<group>";
		};
		0E8495A41942E1CC0058B3AD /* Supporting Files */ = {
			isa = PBXGroup;
			children = (
				0E8495A51942E1CC0058B3AD /* Info.plist */,
			);
			name = "Supporting Files";
			sourceTree = "<group>";
		};
/* End PBXGroup section */

/* Begin PBXNativeTarget section */
		0E8495921942E1CC0058B3AD /* ToDoList */ = {
			isa = PBXNativeTarget;
			buildConfigurationList = 0E8495AA1942E1CC0058B3AD /* Build configuration list for PBXNativeTarget "ToDoList" */;
			buildPhases = (
				0E84958F1942E1CC0058B3AD /* Sources */,
				0E8495901942E1CC0058B3AD /* Frameworks */,
				0E8495911942E1CC0058B3AD /* Resources */,
			);
			buildRules = (
			);
			dependencies = (
			);
			name = ToDoList;
			productName = ToDoList;
			productReference = 0E8495931942E1CC0058B3AD /* ToDoList.app */;
			productType = "com.apple.product-type.application";
		};
		0E84959F1942E1CC0058B3AD /* ToDoListTests */ = {
			isa = PBXNativeTarget;
			buildConfigurationList = 0E8495AD1942E1CC0058B3AD /* Build configuration list for PBXNativeTarget "ToDoListTests" */;
			buildPhases = (
				0E84959C1942E1CC0058B3AD /* Sources */,
				0E84959D1942E1CC0058B3AD /* Frameworks */,
				0E84959E1942E1CC0058B3AD /* Resources */,
			);
			buildRules = (
			);
			dependencies = (
				0E8495A21942E1CC0058B3AD /* PBXTargetDependency */,
				0E8495B31942E4AA0058B3AD /* PBXTargetDependency */,
			);
			name = ToDoListTests;
			productName = ToDoListTests;
			productReference = 0E8495A01942E1CC0058B3AD /* ToDoListTests.xctest */;
			productType = "com.apple.product-type.bundle.unit-test";
		};
/* End PBXNativeTarget section */

/* Begin PBXProject section */
		0E84958B1942E1CC0058B3AD /* Project object */ = {
			isa = PBXProject;
			attributes = {
				LastUpgradeCheck = 0600;
				ORGANIZATIONNAME = "Zainan Zhou";
				TargetAttributes = {
					0E8495921942E1CC0058B3AD = {
						CreatedOnToolsVersion = 6.0;
					};
					0E84959F1942E1CC0058B3AD = {
						CreatedOnToolsVersion = 6.0;
						TestTargetID = 0E8495921942E1CC0058B3AD;
					};
				};
			};
			buildConfigurationList = 0E84958E1942E1CC0058B3AD /* Build configuration list for PBXProject "ToDoList" */;
			compatibilityVersion = "Xcode 3.2";
			developmentRegion = English;
			hasScannedForEncodings = 0;
			knownRegions = (
				en,
			);
			mainGroup = 0E84958A1942E1CC0058B3AD;
			productRefGroup = 0E8495941942E1CC0058B3AD /* Products */;
			projectDirPath = "";
			projectRoot = "";
			targets = (
				0E8495921942E1CC0058B3AD /* ToDoList */,
				0E84959F1942E1CC0058B3AD /* ToDoListTests */,
			);
		};
/* End PBXProject section */

/* Begin PBXResourcesBuildPhase section */
		0E8495911942E1CC0058B3AD /* Resources */ = {
			isa = PBXResourcesBuildPhase;
			buildActionMask = 2147483647;
			files = (
				0E84959B1942E1CC0058B3AD /* Images.xcassets in Resources */,
				0E8495B11942E3850058B3AD /* Main.storyboard in Resources */,
			);
			runOnlyForDeploymentPostprocessing = 0;
		};
		0E84959E1942E1CC0058B3AD /* Resources */ = {
			isa = PBXResourcesBuildPhase;
			buildActionMask = 2147483647;
			files = (
			);
			runOnlyForDeploymentPostprocessing = 0;
		};
/* End PBXResourcesBuildPhase section */

/* Begin PBXSourcesBuildPhase section */
		0E84958F1942E1CC0058B3AD /* Sources */ = {
			isa = PBXSourcesBuildPhase;
			buildActionMask = 2147483647;
			files = (
				0E9981E41943A609009E0D90 /* ZZNToDoListTableViewController.swift in Sources */,
				0E8495991942E1CC0058B3AD /* AppDelegate.swift in Sources */,
				0E3209261943AB0E007F90BE /* ToDoItem.swift in Sources */,
				0E9981E21942F0E1009E0D90 /* ZZNAddToDoItemViewController.swift in Sources */,
			);
			runOnlyForDeploymentPostprocessing = 0;
		};
		0E84959C1942E1CC0058B3AD /* Sources */ = {
			isa = PBXSourcesBuildPhase;
			buildActionMask = 2147483647;
			files = (
				0E8495A71942E1CC0058B3AD /* ToDoListTests.swift in Sources */,
			);
			runOnlyForDeploymentPostprocessing = 0;
		};
/* End PBXSourcesBuildPhase section */

/* Begin PBXTargetDependency section */
		0E8495A21942E1CC0058B3AD /* PBXTargetDependency */ = {
			isa = PBXTargetDependency;
			target = 0E8495921942E1CC0058B3AD /* ToDoList */;
			targetProxy = 0E8495A11942E1CC0058B3AD /* PBXContainerItemProxy */;
		};
		0E8495B31942E4AA0058B3AD /* PBXTargetDependency */ = {
			isa = PBXTargetDependency;
			target = 0E8495921942E1CC0058B3AD /* ToDoList */;
			targetProxy = 0E8495B21942E4AA0058B3AD /* PBXContainerItemProxy */;
		};
/* End PBXTargetDependency section */

/* Begin XCBuildConfiguration section */
		0E8495A81942E1CC0058B3AD /* Debug */ = {
			isa = XCBuildConfiguration;
			buildSettings = {
				ALWAYS_SEARCH_USER_PATHS = NO;
				CLANG_CXX_LANGUAGE_STANDARD = "gnu++0x";
				CLANG_CXX_LIBRARY = "libc++";
				CLANG_ENABLE_MODULES = YES;
				CLANG_ENABLE_OBJC_ARC = YES;
				CLANG_WARN_BOOL_CONVERSION = YES;
				CLANG_WARN_CONSTANT_CONVERSION = YES;
				CLANG_WARN_DIRECT_OBJC_ISA_USAGE = YES_ERROR;
				CLANG_WARN_EMPTY_BODY = YES;
				CLANG_WARN_ENUM_CONVERSION = YES;
				CLANG_WARN_INT_CONVERSION = YES;
				CLANG_WARN_OBJC_ROOT_CLASS = YES_ERROR;
				CLANG_WARN_UNREACHABLE_CODE = YES;
				CLANG_WARN__DUPLICATE_METHOD_MATCH = YES;
				"CODE_SIGN_IDENTITY[sdk=iphoneos*]" = "iPhone Developer";
				COPY_PHASE_STRIP = NO;
				ENABLE_STRICT_OBJC_MSGSEND = YES;
				GCC_C_LANGUAGE_STANDARD = gnu99;
				GCC_DYNAMIC_NO_PIC = NO;
				GCC_OPTIMIZATION_LEVEL = 0;
				GCC_PREPROCESSOR_DEFINITIONS = (
					"DEBUG=1",
					"$(inherited)",
				);
				GCC_SYMBOLS_PRIVATE_EXTERN = NO;
				GCC_WARN_64_TO_32_BIT_CONVERSION = YES;
				GCC_WARN_ABOUT_RETURN_TYPE = YES_ERROR;
				GCC_WARN_UNDECLARED_SELECTOR = YES;
				GCC_WARN_UNINITIALIZED_AUTOS = YES_AGGRESSIVE;
				GCC_WARN_UNUSED_FUNCTION = YES;
				GCC_WARN_UNUSED_VARIABLE = YES;
				IPHONEOS_DEPLOYMENT_TARGET = 8.0;
				METAL_ENABLE_DEBUG_INFO = YES;
				ONLY_ACTIVE_ARCH = YES;
				SDKROOT = iphoneos;
				SWIFT_OPTIMIZATION_LEVEL = "-Onone";
			};
			name = Debug;
		};
		0E8495A91942E1CC0058B3AD /* Release */ = {
			isa = XCBuildConfiguration;
			buildSettings = {
				ALWAYS_SEARCH_USER_PATHS = NO;
				CLANG_CXX_LANGUAGE_STANDARD = "gnu++0x";
				CLANG_CXX_LIBRARY = "libc++";
				CLANG_ENABLE_MODULES = YES;
				CLANG_ENABLE_OBJC_ARC = YES;
				CLANG_WARN_BOOL_CONVERSION = YES;
				CLANG_WARN_CONSTANT_CONVERSION = YES;
				CLANG_WARN_DIRECT_OBJC_ISA_USAGE = YES_ERROR;
				CLANG_WARN_EMPTY_BODY = YES;
				CLANG_WARN_ENUM_CONVERSION = YES;
				CLANG_WARN_INT_CONVERSION = YES;
				CLANG_WARN_OBJC_ROOT_CLASS = YES_ERROR;
				CLANG_WARN_UNREACHABLE_CODE = YES;
				CLANG_WARN__DUPLICATE_METHOD_MATCH = YES;
				"CODE_SIGN_IDENTITY[sdk=iphoneos*]" = "iPhone Developer";
				COPY_PHASE_STRIP = YES;
				ENABLE_NS_ASSERTIONS = NO;
				ENABLE_STRICT_OBJC_MSGSEND = YES;
				GCC_C_LANGUAGE_STANDARD = gnu99;
				GCC_WARN_64_TO_32_BIT_CONVERSION = YES;
				GCC_WARN_ABOUT_RETURN_TYPE = YES_ERROR;
				GCC_WARN_UNDECLARED_SELECTOR = YES;
				GCC_WARN_UNINITIALIZED_AUTOS = YES_AGGRESSIVE;
				GCC_WARN_UNUSED_FUNCTION = YES;
				GCC_WARN_UNUSED_VARIABLE = YES;
				IPHONEOS_DEPLOYMENT_TARGET = 8.0;
				METAL_ENABLE_DEBUG_INFO = NO;
				SDKROOT = iphoneos;
				VALIDATE_PRODUCT = YES;
			};
			name = Release;
		};
		0E8495AB1942E1CC0058B3AD /* Debug */ = {
			isa = XCBuildConfiguration;
			buildSettings = {
				ASSETCATALOG_COMPILER_APPICON_NAME = AppIcon;
				ASSETCATALOG_COMPILER_LAUNCHIMAGE_NAME = LaunchImage;
				INFOPLIST_FILE = ToDoList/Info.plist;
				IPHONEOS_DEPLOYMENT_TARGET = 8.0;
				LD_RUNPATH_SEARCH_PATHS = "$(inherited) @executable_path/Frameworks";
				PRODUCT_NAME = "$(TARGET_NAME)";
			};
			name = Debug;
		};
		0E8495AC1942E1CC0058B3AD /* Release */ = {
			isa = XCBuildConfiguration;
			buildSettings = {
				ASSETCATALOG_COMPILER_APPICON_NAME = AppIcon;
				ASSETCATALOG_COMPILER_LAUNCHIMAGE_NAME = LaunchImage;
				INFOPLIST_FILE = ToDoList/Info.plist;
				IPHONEOS_DEPLOYMENT_TARGET = 8.0;
				LD_RUNPATH_SEARCH_PATHS = "$(inherited) @executable_path/Frameworks";
				PRODUCT_NAME = "$(TARGET_NAME)";
			};
			name = Release;
		};
		0E8495AE1942E1CC0058B3AD /* Debug */ = {
			isa = XCBuildConfiguration;
			buildSettings = {
				BUNDLE_LOADER = "$(BUILT_PRODUCTS_DIR)/ToDoList.app/ToDoList";
				FRAMEWORK_SEARCH_PATHS = (
					"$(SDKROOT)/Developer/Library/Frameworks",
					"$(inherited)",
				);
				GCC_PREPROCESSOR_DEFINITIONS = (
					"DEBUG=1",
					"$(inherited)",
				);
				INFOPLIST_FILE = ToDoListTests/Info.plist;
				LD_RUNPATH_SEARCH_PATHS = "$(inherited) @executable_path/Frameworks @loader_path/Frameworks";
				METAL_ENABLE_DEBUG_INFO = YES;
				PRODUCT_NAME = "$(TARGET_NAME)";
				TEST_HOST = "$(BUNDLE_LOADER)";
			};
			name = Debug;
		};
		0E8495AF1942E1CC0058B3AD /* Release */ = {
			isa = XCBuildConfiguration;
			buildSettings = {
				BUNDLE_LOADER = "$(BUILT_PRODUCTS_DIR)/ToDoList.app/ToDoList";
				FRAMEWORK_SEARCH_PATHS = (
					"$(SDKROOT)/Developer/Library/Frameworks",
					"$(inherited)",
				);
				INFOPLIST_FILE = ToDoListTests/Info.plist;
				LD_RUNPATH_SEARCH_PATHS = "$(inherited) @executable_path/Frameworks @loader_path/Frameworks";
				METAL_ENABLE_DEBUG_INFO = NO;
				PRODUCT_NAME = "$(TARGET_NAME)";
				TEST_HOST = "$(BUNDLE_LOADER)";
			};
			name = Release;
		};
/* End XCBuildConfiguration section */

/* Begin XCConfigurationList section */
		0E84958E1942E1CC0058B3AD /* Build configuration list for PBXProject "ToDoList" */ = {
			isa = XCConfigurationList;
			buildConfigurations = (
				0E8495A81942E1CC0058B3AD /* Debug */,
				0E8495A91942E1CC0058B3AD /* Release */,
			);
			defaultConfigurationIsVisible = 0;
			defaultConfigurationName = Release;
		};
		0E8495AA1942E1CC0058B3AD /* Build configuration list for PBXNativeTarget "ToDoList" */ = {
			isa = XCConfigurationList;
			buildConfigurations = (
				0E8495AB1942E1CC0058B3AD /* Debug */,
				0E8495AC1942E1CC0058B3AD /* Release */,
			);
			defaultConfigurationIsVisible = 0;
			defaultConfigurationName = Release;
		};
		0E8495AD1942E1CC0058B3AD /* Build configuration list for PBXNativeTarget "ToDoListTests" */ = {
			isa = XCConfigurationList;
			buildConfigurations = (
				0E8495AE1942E1CC0058B3AD /* Debug */,
				0E8495AF1942E1CC0058B3AD /* Release */,
			);
			defaultConfigurationIsVisible = 0;
			defaultConfigurationName = Release;
		};
/* End XCConfigurationList section */
	};
	rootObject = 0E84958B1942E1CC0058B3AD /* Project object */;
}
